
Microsoft Visual Studio Solution File, Format Version 12.00
# Visual Studio Version 16
VisualStudioVersion = 16.0.30717.126
MinimumVisualStudioVersion = 10.0.40219.1
Project("{FAE04EC0-301F-11D3-BF4B-00C04F79EFBC}") = "GestionEtudiant", "GestionEtudiant\GestionEtudiant.csproj", "{C8CD080E-C5CD-4AE9-9D3C-666B4047190B}"
EndProject
Global
	GlobalSection(SolutionConfigurationPlatforms) = preSolution
		Debug|Any CPU = Debug|Any CPU
		Release|Any CPU = Release|Any CPU
	EndGlobalSection
	GlobalSection(ProjectConfigurationPlatforms) = postSolution
		{C8CD080E-C5CD-4AE9-9D3C-666B4047190B}.Debug|Any CPU.ActiveCfg = Debug|Any CPU
		{C8CD080E-C5CD-4AE9-9D3C-666B4047190B}.Debug|Any CPU.Build.0 = Debug|Any CPU
		{C8CD080E-C5CD-4AE9-9D3C-666B4047190B}.Release|Any CPU.ActiveCfg = Release|Any CPU
		{C8CD080E-C5CD-4AE9-9D3C-666B4047190B}.Release|Any CPU.Build.0 = Release|Any CPU
	EndGlobalSection
	GlobalSection(SolutionProperties) = preSolution
		HideSolutionNode = FALSE
	EndGlobalSection
	GlobalSection(ExtensibilityGlobals) = postSolution
		SolutionGuid = {DAE18BE0-64BE-4198-9A55-172D7028315E}
	EndGlobalSection
EndGlobal
